// !$*UTF8*$!
{
	archiveVersion = 1;
	classes = {
	};
	objectVersion = 46;
	objects = {

/* Begin PBXBuildFile section */
		7552CDBC1B6BF0CA00632AF5 /* AppDelegate.swift in Sources */ = {isa = PBXBuildFile; fileRef = 7552CDBB1B6BF0CA00632AF5 /* AppDelegate.swift */; };
		7552CDBE1B6BF0CA00632AF5 /* PrivateIndexViewController.swift in Sources */ = {isa = PBXBuildFile; fileRef = 7552CDBD1B6BF0CA00632AF5 /* PrivateIndexViewController.swift */; };
		7552CDC01B6BF0CA00632AF5 /* PublicIndexViewController.swift in Sources */ = {isa = PBXBuildFile; fileRef = 7552CDBF1B6BF0CA00632AF5 /* PublicIndexViewController.swift */; };
		7552CDC31B6BF0CA00632AF5 /* Main.storyboard in Resources */ = {isa = PBXBuildFile; fileRef = 7552CDC11B6BF0CA00632AF5 /* Main.storyboard */; };
		7552CDC51B6BF0CA00632AF5 /* Assets.xcassets in Resources */ = {isa = PBXBuildFile; fileRef = 7552CDC41B6BF0CA00632AF5 /* Assets.xcassets */; };
		7552CDC81B6BF0CA00632AF5 /* LaunchScreen.storyboard in Resources */ = {isa = PBXBuildFile; fileRef = 7552CDC61B6BF0CA00632AF5 /* LaunchScreen.storyboard */; };
		7552CDD31B6BF0CA00632AF5 /* search_demoTests.swift in Sources */ = {isa = PBXBuildFile; fileRef = 7552CDD21B6BF0CA00632AF5 /* search_demoTests.swift */; };
		7552CDDE1B6BF0CA00632AF5 /* search_demoUITests.swift in Sources */ = {isa = PBXBuildFile; fileRef = 7552CDDD1B6BF0CA00632AF5 /* search_demoUITests.swift */; };
		7552CDEC1B6BF39700632AF5 /* DetailViewController.swift in Sources */ = {isa = PBXBuildFile; fileRef = 7552CDEB1B6BF39700632AF5 /* DetailViewController.swift */; };
		7552CDEE1B6D53D400632AF5 /* CoreSpotlight.framework in Frameworks */ = {isa = PBXBuildFile; fileRef = 7552CDED1B6D53D400632AF5 /* CoreSpotlight.framework */; };
/* End PBXBuildFile section */

/* Begin PBXContainerItemProxy section */
		7552CDCF1B6BF0CA00632AF5 /* PBXContainerItemProxy */ = {
			isa = PBXContainerItemProxy;
			containerPortal = 7552CDB01B6BF0C900632AF5 /* Project object */;
			proxyType = 1;
			remoteGlobalIDString = 7552CDB71B6BF0C900632AF5;
			remoteInfo = "search-demo";
		};
		7552CDDA1B6BF0CA00632AF5 /* PBXContainerItemProxy */ = {
			isa = PBXContainerItemProxy;
			containerPortal = 7552CDB01B6BF0C900632AF5 /* Project object */;
			proxyType = 1;
			remoteGlobalIDString = 7552CDB71B6BF0C900632AF5;
			remoteInfo = "search-demo";
		};
/* End PBXContainerItemProxy section */

/* Begin PBXFileReference section */
		7552CDB81B6BF0CA00632AF5 /* search-demo.app */ = {isa = PBXFileReference; explicitFileType = wrapper.application; includeInIndex = 0; path = "search-demo.app"; sourceTree = BUILT_PRODUCTS_DIR; };
		7552CDBB1B6BF0CA00632AF5 /* AppDelegate.swift */ = {isa = PBXFileReference; lastKnownFileType = sourcecode.swift; path = AppDelegate.swift; sourceTree = "<group>"; };
		7552CDBD1B6BF0CA00632AF5 /* PrivateIndexViewController.swift */ = {isa = PBXFileReference; lastKnownFileType = sourcecode.swift; path = PrivateIndexViewController.swift; sourceTree = "<group>"; };
		7552CDBF1B6BF0CA00632AF5 /* PublicIndexViewController.swift */ = {isa = PBXFileReference; lastKnownFileType = sourcecode.swift; path = PublicIndexViewController.swift; sourceTree = "<group>"; };
		7552CDC21B6BF0CA00632AF5 /* Base */ = {isa = PBXFileReference; lastKnownFileType = file.storyboard; name = Base; path = Base.lproj/Main.storyboard; sourceTree = "<group>"; };
		7552CDC41B6BF0CA00632AF5 /* Assets.xcassets */ = {isa = PBXFileReference; lastKnownFileType = folder.assetcatalog; path = Assets.xcassets; sourceTree = "<group>"; };
		7552CDC71B6BF0CA00632AF5 /* Base */ = {isa = PBXFileReference; lastKnownFileType = file.storyboard; name = Base; path = Base.lproj/LaunchScreen.storyboard; sourceTree = "<group>"; };
		7552CDC91B6BF0CA00632AF5 /* Info.plist */ = {isa = PBXFileReference; lastKnownFileType = text.plist.xml; path = Info.plist; sourceTree = "<group>"; };
		7552CDCE1B6BF0CA00632AF5 /* search-demoTests.xctest */ = {isa = PBXFileReference; explicitFileType = wrapper.cfbundle; includeInIndex = 0; path = "search-demoTests.xctest"; sourceTree = BUILT_PRODUCTS_DIR; };
		7552CDD21B6BF0CA00632AF5 /* search_demoTests.swift */ = {isa = PBXFileReference; lastKnownFileType = sourcecode.swift; path = search_demoTests.swift; sourceTree = "<group>"; };
		7552CDD41B6BF0CA00632AF5 /* Info.plist */ = {isa = PBXFileReference; lastKnownFileType = text.plist.xml; path = Info.plist; sourceTree = "<group>"; };
		7552CDD91B6BF0CA00632AF5 /* search-demoUITests.xctest */ = {isa = PBXFileReference; explicitFileType = wrapper.cfbundle; includeInIndex = 0; path = "search-demoUITests.xctest"; sourceTree = BUILT_PRODUCTS_DIR; };
		7552CDDD1B6BF0CA00632AF5 /* search_demoUITests.swift */ = {isa = PBXFileReference; lastKnownFileType = sourcecode.swift; path = search_demoUITests.swift; sourceTree = "<group>"; };
		7552CDDF1B6BF0CA00632AF5 /* Info.plist */ = {isa = PBXFileReference; lastKnownFileType = text.plist.xml; path = Info.plist; sourceTree = "<group>"; };
		7552CDEB1B6BF39700632AF5 /* DetailViewController.swift */ = {isa = PBXFileReference; fileEncoding = 4; lastKnownFileType = sourcecode.swift; path = DetailViewController.swift; sourceTree = "<group>"; };
		7552CDED1B6D53D400632AF5 /* CoreSpotlight.framework */ = {isa = PBXFileReference; lastKnownFileType = wrapper.framework; name = CoreSpotlight.framework; path = System/Library/Frameworks/CoreSpotlight.framework; sourceTree = SDKROOT; };
/* End PBXFileReference section */

/* Begin PBXFrameworksBuildPhase section */
		7552CDB51B6BF0C900632AF5 /* Frameworks */ = {
			isa = PBXFrameworksBuildPhase;
			buildActionMask = 2147483647;
			files = (
				7552CDEE1B6D53D400632AF5 /* CoreSpotlight.framework in Frameworks */,
			);
			runOnlyForDeploymentPostprocessing = 0;
		};
		7552CDCB1B6BF0CA00632AF5 /* Frameworks */ = {
			isa = PBXFrameworksBuildPhase;
			buildActionMask = 2147483647;
			files = (
			);
			runOnlyForDeploymentPostprocessing = 0;
		};
		7552CDD61B6BF0CA00632AF5 /* Frameworks */ = {
			isa = PBXFrameworksBuildPhase;
			buildActionMask = 2147483647;
			files = (
			);
			runOnlyForDeploymentPostprocessing = 0;
		};
/* End PBXFrameworksBuildPhase section */

/* Begin PBXGroup section */
		7552CDAF1B6BF0C900632AF5 = {
			isa = PBXGroup;
			children = (
				7552CDED1B6D53D400632AF5 /* CoreSpotlight.framework */,
				7552CDBA1B6BF0CA00632AF5 /* search-demo */,
				7552CDD11B6BF0CA00632AF5 /* search-demoTests */,
				7552CDDC1B6BF0CA00632AF5 /* search-demoUITests */,
				7552CDB91B6BF0CA00632AF5 /* Products */,
			);
			sourceTree = "<group>";
		};
		7552CDB91B6BF0CA00632AF5 /* Products */ = {
			isa = PBXGroup;
			children = (
				7552CDB81B6BF0CA00632AF5 /* search-demo.app */,
				7552CDCE1B6BF0CA00632AF5 /* search-demoTests.xctest */,
				7552CDD91B6BF0CA00632AF5 /* search-demoUITests.xctest */,
			);
			name = Products;
			sourceTree = "<group>";
		};
		7552CDBA1B6BF0CA00632AF5 /* search-demo */ = {
			isa = PBXGroup;
			children = (
				7552CDBB1B6BF0CA00632AF5 /* AppDelegate.swift */,
				7552CDBD1B6BF0CA00632AF5 /* PrivateIndexViewController.swift */,
				7552CDEB1B6BF39700632AF5 /* DetailViewController.swift */,
				7552CDBF1B6BF0CA00632AF5 /* PublicIndexViewController.swift */,
				7552CDC11B6BF0CA00632AF5 /* Main.storyboard */,
				7552CDC41B6BF0CA00632AF5 /* Assets.xcassets */,
				7552CDC61B6BF0CA00632AF5 /* LaunchScreen.storyboard */,
				7552CDC91B6BF0CA00632AF5 /* Info.plist */,
			);
			path = "search-demo";
			sourceTree = "<group>";
		};
		7552CDD11B6BF0CA00632AF5 /* search-demoTests */ = {
			isa = PBXGroup;
			children = (
				7552CDD21B6BF0CA00632AF5 /* search_demoTests.swift */,
				7552CDD41B6BF0CA00632AF5 /* Info.plist */,
			);
			path = "search-demoTests";
			sourceTree = "<group>";
		};
		7552CDDC1B6BF0CA00632AF5 /* search-demoUITests */ = {
			isa = PBXGroup;
			children = (
				7552CDDD1B6BF0CA00632AF5 /* search_demoUITests.swift */,
				7552CDDF1B6BF0CA00632AF5 /* Info.plist */,
			);
			path = "search-demoUITests";
			sourceTree = "<group>";
		};
/* End PBXGroup section */

/* Begin PBXNativeTarget section */
		7552CDB71B6BF0C900632AF5 /* search-demo */ = {
			isa = PBXNativeTarget;
			buildConfigurationList = 7552CDE21B6BF0CA00632AF5 /* Build configuration list for PBXNativeTarget "search-demo" */;
			buildPhases = (
				7552CDB41B6BF0C900632AF5 /* Sources */,
				7552CDB51B6BF0C900632AF5 /* Frameworks */,
				7552CDB61B6BF0C900632AF5 /* Resources */,
			);
			buildRules = (
			);
			dependencies = (
			);
			name = "search-demo";
			productName = "search-demo";
			productReference = 7552CDB81B6BF0CA00632AF5 /* search-demo.app */;
			productType = "com.apple.product-type.application";
		};
		7552CDCD1B6BF0CA00632AF5 /* search-demoTests */ = {
			isa = PBXNativeTarget;
			buildConfigurationList = 7552CDE51B6BF0CA00632AF5 /* Build configuration list for PBXNativeTarget "search-demoTests" */;
			buildPhases = (
				7552CDCA1B6BF0CA00632AF5 /* Sources */,
				7552CDCB1B6BF0CA00632AF5 /* Frameworks */,
				7552CDCC1B6BF0CA00632AF5 /* Resources */,
			);
			buildRules = (
			);
			dependencies = (
				7552CDD01B6BF0CA00632AF5 /* PBXTargetDependency */,
			);
			name = "search-demoTests";
			productName = "search-demoTests";
			productReference = 7552CDCE1B6BF0CA00632AF5 /* search-demoTests.xctest */;
			productType = "com.apple.product-type.bundle.unit-test";
		};
		7552CDD81B6BF0CA00632AF5 /* search-demoUITests */ = {
			isa = PBXNativeTarget;
			buildConfigurationList = 7552CDE81B6BF0CA00632AF5 /* Build configuration list for PBXNativeTarget "search-demoUITests" */;
			buildPhases = (
				7552CDD51B6BF0CA00632AF5 /* Sources */,
				7552CDD61B6BF0CA00632AF5 /* Frameworks */,
				7552CDD71B6BF0CA00632AF5 /* Resources */,
			);
			buildRules = (
			);
			dependencies = (
				7552CDDB1B6BF0CA00632AF5 /* PBXTargetDependency */,
			);
			name = "search-demoUITests";
			productName = "search-demoUITests";
			productReference = 7552CDD91B6BF0CA00632AF5 /* search-demoUITests.xctest */;
			productType = "com.apple.product-type.bundle.ui-testing";
		};
/* End PBXNativeTarget section */

/* Begin PBXProject section */
		7552CDB01B6BF0C900632AF5 /* Project object */ = {
			isa = PBXProject;
			attributes = {
				LastUpgradeCheck = 0700;
				ORGANIZATIONNAME = "Bubblesort Laboratories LLC";
				TargetAttributes = {
					7552CDB71B6BF0C900632AF5 = {
						CreatedOnToolsVersion = 7.0;
					};
					7552CDCD1B6BF0CA00632AF5 = {
						CreatedOnToolsVersion = 7.0;
						TestTargetID = 7552CDB71B6BF0C900632AF5;
					};
					7552CDD81B6BF0CA00632AF5 = {
						CreatedOnToolsVersion = 7.0;
						TestTargetID = 7552CDB71B6BF0C900632AF5;
					};
				};
			};
			buildConfigurationList = 7552CDB31B6BF0C900632AF5 /* Build configuration list for PBXProject "search-demo" */;
			compatibilityVersion = "Xcode 3.2";
			developmentRegion = English;
			hasScannedForEncodings = 0;
			knownRegions = (
				en,
				Base,
			);
			mainGroup = 7552CDAF1B6BF0C900632AF5;
			productRefGroup = 7552CDB91B6BF0CA00632AF5 /* Products */;
			projectDirPath = "";
			projectRoot = "";
			targets = (
				7552CDB71B6BF0C900632AF5 /* search-demo */,
				7552CDCD1B6BF0CA00632AF5 /* search-demoTests */,
				7552CDD81B6BF0CA00632AF5 /* search-demoUITests */,
			);
		};
/* End PBXProject section */

/* Begin PBXResourcesBuildPhase section */
		7552CDB61B6BF0C900632AF5 /* Resources */ = {
			isa = PBXResourcesBuildPhase;
			buildActionMask = 2147483647;
			files = (
				7552CDC81B6BF0CA00632AF5 /* LaunchScreen.storyboard in Resources */,
				7552CDC51B6BF0CA00632AF5 /* Assets.xcassets in Resources */,
				7552CDC31B6BF0CA00632AF5 /* Main.storyboard in Resources */,
			);
			runOnlyForDeploymentPostprocessing = 0;
		};
		7552CDCC1B6BF0CA00632AF5 /* Resources */ = {
			isa = PBXResourcesBuildPhase;
			buildActionMask = 2147483647;
			files = (
			);
			runOnlyForDeploymentPostprocessing = 0;
		};
		7552CDD71B6BF0CA00632AF5 /* Resources */ = {
			isa = PBXResourcesBuildPhase;
			buildActionMask = 2147483647;
			files = (
			);
			runOnlyForDeploymentPostprocessing = 0;
		};
/* End PBXResourcesBuildPhase section */

/* Begin PBXSourcesBuildPhase section */
		7552CDB41B6BF0C900632AF5 /* Sources */ = {
			isa = PBXSourcesBuildPhase;
			buildActionMask = 2147483647;
			files = (
				7552CDC01B6BF0CA00632AF5 /* PublicIndexViewController.swift in Sources */,
				7552CDBC1B6BF0CA00632AF5 /* AppDelegate.swift in Sources */,
				7552CDBE1B6BF0CA00632AF5 /* PrivateIndexViewController.swift in Sources */,
				7552CDEC1B6BF39700632AF5 /* DetailViewController.swift in Sources */,
			);
			runOnlyForDeploymentPostprocessing = 0;
		};
		7552CDCA1B6BF0CA00632AF5 /* Sources */ = {
			isa = PBXSourcesBuildPhase;
			buildActionMask = 2147483647;
			files = (
				7552CDD31B6BF0CA00632AF5 /* search_demoTests.swift in Sources */,
			);
			runOnlyForDeploymentPostprocessing = 0;
		};
		7552CDD51B6BF0CA00632AF5 /* Sources */ = {
			isa = PBXSourcesBuildPhase;
			buildActionMask = 2147483647;
			files = (
				7552CDDE1B6BF0CA00632AF5 /* search_demoUITests.swift in Sources */,
			);
			runOnlyForDeploymentPostprocessing = 0;
		};
/* End PBXSourcesBuildPhase section */

/* Begin PBXTargetDependency section */
		7552CDD01B6BF0CA00632AF5 /* PBXTargetDependency */ = {
			isa = PBXTargetDependency;
			target = 7552CDB71B6BF0C900632AF5 /* search-demo */;
			targetProxy = 7552CDCF1B6BF0CA00632AF5 /* PBXContainerItemProxy */;
		};
		7552CDDB1B6BF0CA00632AF5 /* PBXTargetDependency */ = {
			isa = PBXTargetDependency;
			target = 7552CDB71B6BF0C900632AF5 /* search-demo */;
			targetProxy = 7552CDDA1B6BF0CA00632AF5 /* PBXContainerItemProxy */;
		};
/* End PBXTargetDependency section */

/* Begin PBXVariantGroup section */
		7552CDC11B6BF0CA00632AF5 /* Main.storyboard */ = {
			isa = PBXVariantGroup;
			children = (
				7552CDC21B6BF0CA00632AF5 /* Base */,
			);
			name = Main.storyboard;
			sourceTree = "<group>";
		};
		7552CDC61B6BF0CA00632AF5 /* LaunchScreen.storyboard */ = {
			isa = PBXVariantGroup;
			children = (
				7552CDC71B6BF0CA00632AF5 /* Base */,
			);
			name = LaunchScreen.storyboard;
			sourceTree = "<group>";
		};
/* End PBXVariantGroup section */

/* Begin XCBuildConfiguration section */
		7552CDE01B6BF0CA00632AF5 /* Debug */ = {
			isa = XCBuildConfiguration;
			buildSettings = {
				ALWAYS_SEARCH_USER_PATHS = NO;
				CLANG_CXX_LANGUAGE_STANDARD = "gnu++0x";
				CLANG_CXX_LIBRARY = "libc++";
				CLANG_ENABLE_MODULES = YES;
				CLANG_ENABLE_OBJC_ARC = YES;
				CLANG_WARN_BOOL_CONVERSION = YES;
				CLANG_WARN_CONSTANT_CONVERSION = YES;
				CLANG_WARN_DIRECT_OBJC_ISA_USAGE = YES_ERROR;
				CLANG_WARN_EMPTY_BODY = YES;
				CLANG_WARN_ENUM_CONVERSION = YES;
				CLANG_WARN_INT_CONVERSION = YES;
				CLANG_WARN_OBJC_ROOT_CLASS = YES_ERROR;
				CLANG_WARN_UNREACHABLE_CODE = YES;
				CLANG_WARN__DUPLICATE_METHOD_MATCH = YES;
				"CODE_SIGN_IDENTITY[sdk=iphoneos*]" = "iPhone Developer";
				COPY_PHASE_STRIP = NO;
				DEBUG_INFORMATION_FORMAT = dwarf;
				ENABLE_STRICT_OBJC_MSGSEND = YES;
				ENABLE_TESTABILITY = YES;
				GCC_C_LANGUAGE_STANDARD = gnu99;
				GCC_DYNAMIC_NO_PIC = NO;
				GCC_NO_COMMON_BLOCKS = YES;
				GCC_OPTIMIZATION_LEVEL = 0;
				GCC_PREPROCESSOR_DEFINITIONS = (
					"DEBUG=1",
					"$(inherited)",
				);
				GCC_WARN_64_TO_32_BIT_CONVERSION = YES;
				GCC_WARN_ABOUT_RETURN_TYPE = YES_ERROR;
				GCC_WARN_UNDECLARED_SELECTOR = YES;
				GCC_WARN_UNINITIALIZED_AUTOS = YES_AGGRESSIVE;
				GCC_WARN_UNUSED_FUNCTION = YES;
				GCC_WARN_UNUSED_VARIABLE = YES;
				IPHONEOS_DEPLOYMENT_TARGET = 9.0;
				MTL_ENABLE_DEBUG_INFO = YES;
				ONLY_ACTIVE_ARCH = YES;
				SDKROOT = iphoneos;
				SWIFT_OPTIMIZATION_LEVEL = "-Onone";
				TARGETED_DEVICE_FAMILY = "1,2";
			};
			name = Debug;
		};
		7552CDE11B6BF0CA00632AF5 /* Release */ = {
			isa = XCBuildConfiguration;
			buildSettings = {
				ALWAYS_SEARCH_USER_PATHS = NO;
				CLANG_CXX_LANGUAGE_STANDARD = "gnu++0x";
				CLANG_CXX_LIBRARY = "libc++";
				CLANG_ENABLE_MODULES = YES;
				CLANG_ENABLE_OBJC_ARC = YES;
				CLANG_WARN_BOOL_CONVERSION = YES;
				CLANG_WARN_CONSTANT_CONVERSION = YES;
				CLANG_WARN_DIRECT_OBJC_ISA_USAGE = YES_ERROR;
				CLANG_WARN_EMPTY_BODY = YES;
				CLANG_WARN_ENUM_CONVERSION = YES;
				CLANG_WARN_INT_CONVERSION = YES;
				CLANG_WARN_OBJC_ROOT_CLASS = YES_ERROR;
				CLANG_WARN_UNREACHABLE_CODE = YES;
				CLANG_WARN__DUPLICATE_METHOD_MATCH = YES;
				"CODE_SIGN_IDENTITY[sdk=iphoneos*]" = "iPhone Developer";
				COPY_PHASE_STRIP = NO;
				DEBUG_INFORMATION_FORMAT = "dwarf-with-dsym";
				ENABLE_NS_ASSERTIONS = NO;
				ENABLE_STRICT_OBJC_MSGSEND = YES;
				GCC_C_LANGUAGE_STANDARD = gnu99;
				GCC_NO_COMMON_BLOCKS = YES;
				GCC_WARN_64_TO_32_BIT_CONVERSION = YES;
				GCC_WARN_ABOUT_RETURN_TYPE = YES_ERROR;
				GCC_WARN_UNDECLARED_SELECTOR = YES;
				GCC_WARN_UNINITIALIZED_AUTOS = YES_AGGRESSIVE;
				GCC_WARN_UNUSED_FUNCTION = YES;
				GCC_WARN_UNUSED_VARIABLE = YES;
				IPHONEOS_DEPLOYMENT_TARGET = 9.0;
				MTL_ENABLE_DEBUG_INFO = NO;
				SDKROOT = iphoneos;
				TARGETED_DEVICE_FAMILY = "1,2";
				VALIDATE_PRODUCT = YES;
			};
			name = Release;
		};
		7552CDE31B6BF0CA00632AF5 /* Debug */ = {
			isa = XCBuildConfiguration;
			buildSettings = {
				ASSETCATALOG_COMPILER_APPICON_NAME = AppIcon;
				CODE_SIGN_IDENTITY = "iPhone Developer";
				INFOPLIST_FILE = "search-demo/Info.plist";
				LD_RUNPATH_SEARCH_PATHS = "$(inherited) @executable_path/Frameworks";
				PRODUCT_BUNDLE_IDENTIFIER = "com.example.search-demo";
				PRODUCT_NAME = "$(TARGET_NAME)";
			};
			name = Debug;
		};
		7552CDE41B6BF0CA00632AF5 /* Release */ = {
			isa = XCBuildConfiguration;
			buildSettings = {
				ASSETCATALOG_COMPILER_APPICON_NAME = AppIcon;
				CODE_SIGN_IDENTITY = "iPhone Developer";
				INFOPLIST_FILE = "search-demo/Info.plist";
				LD_RUNPATH_SEARCH_PATHS = "$(inherited) @executable_path/Frameworks";
				PRODUCT_BUNDLE_IDENTIFIER = "com.example.search-demo";
				PRODUCT_NAME = "$(TARGET_NAME)";
			};
			name = Release;
		};
		7552CDE61B6BF0CA00632AF5 /* Debug */ = {
			isa = XCBuildConfiguration;
			buildSettings = {
				BUNDLE_LOADER = "$(TEST_HOST)";
				INFOPLIST_FILE = "search-demoTests/Info.plist";
				LD_RUNPATH_SEARCH_PATHS = "$(inherited) @executable_path/Frameworks @loader_path/Frameworks";
				PRODUCT_BUNDLE_IDENTIFIER = "com.bubblesortlabs.search-demoTests";
				PRODUCT_NAME = "$(TARGET_NAME)";
				TEST_HOST = "$(BUILT_PRODUCTS_DIR)/search-demo.app/search-demo";
			};
			name = Debug;
		};
		7552CDE71B6BF0CA00632AF5 /* Release */ = {
			isa = XCBuildConfiguration;
			buildSettings = {
				BUNDLE_LOADER = "$(TEST_HOST)";
				INFOPLIST_FILE = "search-demoTests/Info.plist";
				LD_RUNPATH_SEARCH_PATHS = "$(inherited) @executable_path/Frameworks @loader_path/Frameworks";
				PRODUCT_BUNDLE_IDENTIFIER = "com.bubblesortlabs.search-demoTests";
				PRODUCT_NAME = "$(TARGET_NAME)";
				TEST_HOST = "$(BUILT_PRODUCTS_DIR)/search-demo.app/search-demo";
			};
			name = Release;
		};
		7552CDE91B6BF0CA00632AF5 /* Debug */ = {
			isa = XCBuildConfiguration;
			buildSettings = {
				INFOPLIST_FILE = "search-demoUITests/Info.plist";
				LD_RUNPATH_SEARCH_PATHS = "$(inherited) @executable_path/Frameworks @loader_path/Frameworks";
				PRODUCT_BUNDLE_IDENTIFIER = "com.bubblesortlabs.search-demoUITests";
				PRODUCT_NAME = "$(TARGET_NAME)";
				TEST_TARGET_NAME = "search-demo";
				USES_XCTRUNNER = YES;
			};
			name = Debug;
		};
		7552CDEA1B6BF0CA00632AF5 /* Release */ = {
			isa = XCBuildConfiguration;
			buildSettings = {
				INFOPLIST_FILE = "search-demoUITests/Info.plist";
				LD_RUNPATH_SEARCH_PATHS = "$(inherited) @executable_path/Frameworks @loader_path/Frameworks";
				PRODUCT_BUNDLE_IDENTIFIER = "com.bubblesortlabs.search-demoUITests";
				PRODUCT_NAME = "$(TARGET_NAME)";
				TEST_TARGET_NAME = "search-demo";
				USES_XCTRUNNER = YES;
			};
			name = Release;
		};
/* End XCBuildConfiguration section */

/* Begin XCConfigurationList section */
		7552CDB31B6BF0C900632AF5 /* Build configuration list for PBXProject "search-demo" */ = {
			isa = XCConfigurationList;
			buildConfigurations = (
				7552CDE01B6BF0CA00632AF5 /* Debug */,
				7552CDE11B6BF0CA00632AF5 /* Release */,
			);
			defaultConfigurationIsVisible = 0;
			defaultConfigurationName = Release;
		};
		7552CDE21B6BF0CA00632AF5 /* Build configuration list for PBXNativeTarget "search-demo" */ = {
			isa = XCConfigurationList;
			buildConfigurations = (
				7552CDE31B6BF0CA00632AF5 /* Debug */,
				7552CDE41B6BF0CA00632AF5 /* Release */,
			);
			defaultConfigurationIsVisible = 0;
		};
		7552CDE51B6BF0CA00632AF5 /* Build configuration list for PBXNativeTarget "search-demoTests" */ = {
			isa = XCConfigurationList;
			buildConfigurations = (
				7552CDE61B6BF0CA00632AF5 /* Debug */,
				7552CDE71B6BF0CA00632AF5 /* Release */,
			);
			defaultConfigurationIsVisible = 0;
		};
		7552CDE81B6BF0CA00632AF5 /* Build configuration list for PBXNativeTarget "search-demoUITests" */ = {
			isa = XCConfigurationList;
			buildConfigurations = (
				7552CDE91B6BF0CA00632AF5 /* Debug */,
				7552CDEA1B6BF0CA00632AF5 /* Release */,
			);
			defaultConfigurationIsVisible = 0;
		};
/* End XCConfigurationList section */
	};
	rootObject = 7552CDB01B6BF0C900632AF5 /* Project object */;
}
